// !$*UTF8*$!
{
	archiveVersion = 1;
	classes = {
	};
	objectVersion = 56;
	objects = {

/* Begin PBXBuildFile section */
		8339FF012B77D3F800BC3680 /* CollectionTableViewCell.swift in Sources */ = {isa = PBXBuildFile; fileRef = 8339FF002B77D3F800BC3680 /* CollectionTableViewCell.swift */; };
		8339FF062B77E5DA00BC3680 /* Model.swift in Sources */ = {isa = PBXBuildFile; fileRef = 8339FF052B77E5DA00BC3680 /* Model.swift */; };
		8339FF082B79310F00BC3680 /* CustomHeader.swift in Sources */ = {isa = PBXBuildFile; fileRef = 8339FF072B79310F00BC3680 /* CustomHeader.swift */; };
		8339FF0B2B7A0BC500BC3680 /* DetailMovieViewController.swift in Sources */ = {isa = PBXBuildFile; fileRef = 8339FF0A2B7A0BC500BC3680 /* DetailMovieViewController.swift */; };
		8347A9822B5BAE7B004E45B1 /* AppDelegate.swift in Sources */ = {isa = PBXBuildFile; fileRef = 8347A9812B5BAE7B004E45B1 /* AppDelegate.swift */; };
		8347A9842B5BAE7B004E45B1 /* SceneDelegate.swift in Sources */ = {isa = PBXBuildFile; fileRef = 8347A9832B5BAE7B004E45B1 /* SceneDelegate.swift */; };
		8347A9862B5BAE7B004E45B1 /* ViewController.swift in Sources */ = {isa = PBXBuildFile; fileRef = 8347A9852B5BAE7B004E45B1 /* ViewController.swift */; };
		8347A98C2B5BAE7B004E45B1 /* movieStepik.xcdatamodeld in Sources */ = {isa = PBXBuildFile; fileRef = 8347A98A2B5BAE7B004E45B1 /* movieStepik.xcdatamodeld */; };
		8347A98E2B5BAE7D004E45B1 /* Assets.xcassets in Resources */ = {isa = PBXBuildFile; fileRef = 8347A98D2B5BAE7D004E45B1 /* Assets.xcassets */; };
		8347A9912B5BAE7D004E45B1 /* LaunchScreen.storyboard in Resources */ = {isa = PBXBuildFile; fileRef = 8347A98F2B5BAE7D004E45B1 /* LaunchScreen.storyboard */; };
		8347A99A2B5BB03B004E45B1 /* MovieTableViewCell.swift in Sources */ = {isa = PBXBuildFile; fileRef = 8347A9992B5BB03B004E45B1 /* MovieTableViewCell.swift */; };
		8347A99D2B5BB075004E45B1 /* SnapKit in Frameworks */ = {isa = PBXBuildFile; productRef = 8347A99C2B5BB075004E45B1 /* SnapKit */; };
		8347A99F2B5BB075004E45B1 /* SnapKit-Dynamic in Frameworks */ = {isa = PBXBuildFile; productRef = 8347A99E2B5BB075004E45B1 /* SnapKit-Dynamic */; };
		8347A9A32B5BB1A4004E45B1 /* UITableViewCell+Reusable.swift in Sources */ = {isa = PBXBuildFile; fileRef = 8347A9A22B5BB1A4004E45B1 /* UITableViewCell+Reusable.swift */; };
		8347A9A52B5BB1EF004E45B1 /* UITableView+Register.swift in Sources */ = {isa = PBXBuildFile; fileRef = 8347A9A42B5BB1EF004E45B1 /* UITableView+Register.swift */; };
		8347A9A72B5BB4DD004E45B1 /* GenreCollectionViewCell.swift in Sources */ = {isa = PBXBuildFile; fileRef = 8347A9A62B5BB4DD004E45B1 /* GenreCollectionViewCell.swift */; };
		8347A9A92B5BB56E004E45B1 /* MovieResult.swift in Sources */ = {isa = PBXBuildFile; fileRef = 8347A9A82B5BB56E004E45B1 /* MovieResult.swift */; };
		8347A9AB2B5BB5B7004E45B1 /* Genre.swift in Sources */ = {isa = PBXBuildFile; fileRef = 8347A9AA2B5BB5B7004E45B1 /* Genre.swift */; };
		8347A9AE2B5C055D004E45B1 /* Actor.swift in Sources */ = {isa = PBXBuildFile; fileRef = 8347A9AD2B5C055D004E45B1 /* Actor.swift */; };
		8347A9B02B5C05A5004E45B1 /* ActorsViewController.swift in Sources */ = {isa = PBXBuildFile; fileRef = 8347A9AF2B5C05A5004E45B1 /* ActorsViewController.swift */; };
		8347A9B42B5C0965004E45B1 /* ActorCollectionViewCell.swift in Sources */ = {isa = PBXBuildFile; fileRef = 8347A9B32B5C0965004E45B1 /* ActorCollectionViewCell.swift */; };
		8351D8902B84F22F00035811 /* NetworkManager.swift in Sources */ = {isa = PBXBuildFile; fileRef = 8351D88F2B84F22F00035811 /* NetworkManager.swift */; };
		8351D8932B84F53900035811 /* Alamofire in Frameworks */ = {isa = PBXBuildFile; productRef = 8351D8922B84F53900035811 /* Alamofire */; };
		8351D8962B84FC0800035811 /* Kingfisher in Frameworks */ = {isa = PBXBuildFile; productRef = 8351D8952B84FC0800035811 /* Kingfisher */; };
		8351D8982B84FC1D00035811 /* Kingfisher in Frameworks */ = {isa = PBXBuildFile; productRef = 8351D8972B84FC1D00035811 /* Kingfisher */; };
		8351D89A2B85BB4E00035811 /* MovieDetailsEntity.swift in Sources */ = {isa = PBXBuildFile; fileRef = 8351D8992B85BB4E00035811 /* MovieDetailsEntity.swift */; };
		8351D8B32B8A36EC00035811 /* ActorsBio.swift in Sources */ = {isa = PBXBuildFile; fileRef = 8351D8B22B8A36EC00035811 /* ActorsBio.swift */; };
		83DF943E2B6D45BD00DDFBDA /* SkeletonView in Frameworks */ = {isa = PBXBuildFile; productRef = 83DF943D2B6D45BD00DDFBDA /* SkeletonView */; };
		83F053F22B75FE360068B231 /* ZeroView.xib in Resources */ = {isa = PBXBuildFile; fileRef = 83F053F12B75FE360068B231 /* ZeroView.xib */; };
		83F053F42B75FE660068B231 /* ZeroView.swift in Sources */ = {isa = PBXBuildFile; fileRef = 83F053F32B75FE660068B231 /* ZeroView.swift */; };
		83F053F62B7600BA0068B231 /* UIView+Extension.swift in Sources */ = {isa = PBXBuildFile; fileRef = 83F053F52B7600BA0068B231 /* UIView+Extension.swift */; };
		83F053F82B7607B90068B231 /* UIView+hide.swift in Sources */ = {isa = PBXBuildFile; fileRef = 83F053F72B7607B90068B231 /* UIView+hide.swift */; };
		83F053FA2B7608B40068B231 /* UIView+ PinEdges.swift in Sources */ = {isa = PBXBuildFile; fileRef = 83F053F92B7608B40068B231 /* UIView+ PinEdges.swift */; };
		83F0541E2B76514C0068B231 /* HomeViewController.swift in Sources */ = {isa = PBXBuildFile; fileRef = 83F0541D2B76514C0068B231 /* HomeViewController.swift */; };
		83F0542B2B77366A0068B231 /* CategoryMoviewCollectionViewCell.swift in Sources */ = {isa = PBXBuildFile; fileRef = 83F0542A2B77366A0068B231 /* CategoryMoviewCollectionViewCell.swift */; };
/* End PBXBuildFile section */

/* Begin PBXFileReference section */
		8339FF002B77D3F800BC3680 /* CollectionTableViewCell.swift */ = {isa = PBXFileReference; lastKnownFileType = sourcecode.swift; path = CollectionTableViewCell.swift; sourceTree = "<group>"; };
		8339FF052B77E5DA00BC3680 /* Model.swift */ = {isa = PBXFileReference; lastKnownFileType = sourcecode.swift; path = Model.swift; sourceTree = "<group>"; };
		8339FF072B79310F00BC3680 /* CustomHeader.swift */ = {isa = PBXFileReference; lastKnownFileType = sourcecode.swift; path = CustomHeader.swift; sourceTree = "<group>"; };
		8339FF0A2B7A0BC500BC3680 /* DetailMovieViewController.swift */ = {isa = PBXFileReference; lastKnownFileType = sourcecode.swift; path = DetailMovieViewController.swift; sourceTree = "<group>"; };
		8347A97E2B5BAE7B004E45B1 /* movieStepik.app */ = {isa = PBXFileReference; explicitFileType = wrapper.application; includeInIndex = 0; path = movieStepik.app; sourceTree = BUILT_PRODUCTS_DIR; };
		8347A9812B5BAE7B004E45B1 /* AppDelegate.swift */ = {isa = PBXFileReference; lastKnownFileType = sourcecode.swift; path = AppDelegate.swift; sourceTree = "<group>"; };
		8347A9832B5BAE7B004E45B1 /* SceneDelegate.swift */ = {isa = PBXFileReference; lastKnownFileType = sourcecode.swift; path = SceneDelegate.swift; sourceTree = "<group>"; };
		8347A9852B5BAE7B004E45B1 /* ViewController.swift */ = {isa = PBXFileReference; lastKnownFileType = sourcecode.swift; path = ViewController.swift; sourceTree = "<group>"; };
		8347A98B2B5BAE7B004E45B1 /* movieStepik.xcdatamodel */ = {isa = PBXFileReference; lastKnownFileType = wrapper.xcdatamodel; path = movieStepik.xcdatamodel; sourceTree = "<group>"; };
		8347A98D2B5BAE7D004E45B1 /* Assets.xcassets */ = {isa = PBXFileReference; lastKnownFileType = folder.assetcatalog; path = Assets.xcassets; sourceTree = "<group>"; };
		8347A9902B5BAE7D004E45B1 /* Base */ = {isa = PBXFileReference; lastKnownFileType = file.storyboard; name = Base; path = Base.lproj/LaunchScreen.storyboard; sourceTree = "<group>"; };
		8347A9922B5BAE7D004E45B1 /* movieStepik.entitlements */ = {isa = PBXFileReference; lastKnownFileType = text.plist.entitlements; path = movieStepik.entitlements; sourceTree = "<group>"; };
		8347A9932B5BAE7D004E45B1 /* Info.plist */ = {isa = PBXFileReference; lastKnownFileType = text.plist.xml; path = Info.plist; sourceTree = "<group>"; };
		8347A9992B5BB03B004E45B1 /* MovieTableViewCell.swift */ = {isa = PBXFileReference; lastKnownFileType = sourcecode.swift; path = MovieTableViewCell.swift; sourceTree = "<group>"; };
		8347A9A22B5BB1A4004E45B1 /* UITableViewCell+Reusable.swift */ = {isa = PBXFileReference; lastKnownFileType = sourcecode.swift; path = "UITableViewCell+Reusable.swift"; sourceTree = "<group>"; };
		8347A9A42B5BB1EF004E45B1 /* UITableView+Register.swift */ = {isa = PBXFileReference; lastKnownFileType = sourcecode.swift; path = "UITableView+Register.swift"; sourceTree = "<group>"; };
		8347A9A62B5BB4DD004E45B1 /* GenreCollectionViewCell.swift */ = {isa = PBXFileReference; lastKnownFileType = sourcecode.swift; path = GenreCollectionViewCell.swift; sourceTree = "<group>"; };
		8347A9A82B5BB56E004E45B1 /* MovieResult.swift */ = {isa = PBXFileReference; lastKnownFileType = sourcecode.swift; path = MovieResult.swift; sourceTree = "<group>"; };
		8347A9AA2B5BB5B7004E45B1 /* Genre.swift */ = {isa = PBXFileReference; lastKnownFileType = sourcecode.swift; path = Genre.swift; sourceTree = "<group>"; };
		8347A9AD2B5C055D004E45B1 /* Actor.swift */ = {isa = PBXFileReference; lastKnownFileType = sourcecode.swift; path = Actor.swift; sourceTree = "<group>"; };
		8347A9AF2B5C05A5004E45B1 /* ActorsViewController.swift */ = {isa = PBXFileReference; lastKnownFileType = sourcecode.swift; path = ActorsViewController.swift; sourceTree = "<group>"; };
		8347A9B32B5C0965004E45B1 /* ActorCollectionViewCell.swift */ = {isa = PBXFileReference; lastKnownFileType = sourcecode.swift; path = ActorCollectionViewCell.swift; sourceTree = "<group>"; };
		8351D88F2B84F22F00035811 /* NetworkManager.swift */ = {isa = PBXFileReference; lastKnownFileType = sourcecode.swift; path = NetworkManager.swift; sourceTree = "<group>"; };
		8351D8992B85BB4E00035811 /* MovieDetailsEntity.swift */ = {isa = PBXFileReference; lastKnownFileType = sourcecode.swift; path = MovieDetailsEntity.swift; sourceTree = "<group>"; };
		8351D8B22B8A36EC00035811 /* ActorsBio.swift */ = {isa = PBXFileReference; lastKnownFileType = sourcecode.swift; path = ActorsBio.swift; sourceTree = "<group>"; };
		83F053F12B75FE360068B231 /* ZeroView.xib */ = {isa = PBXFileReference; lastKnownFileType = file.xib; path = ZeroView.xib; sourceTree = "<group>"; };
		83F053F32B75FE660068B231 /* ZeroView.swift */ = {isa = PBXFileReference; lastKnownFileType = sourcecode.swift; path = ZeroView.swift; sourceTree = "<group>"; };
		83F053F52B7600BA0068B231 /* UIView+Extension.swift */ = {isa = PBXFileReference; lastKnownFileType = sourcecode.swift; path = "UIView+Extension.swift"; sourceTree = "<group>"; };
		83F053F72B7607B90068B231 /* UIView+hide.swift */ = {isa = PBXFileReference; lastKnownFileType = sourcecode.swift; path = "UIView+hide.swift"; sourceTree = "<group>"; };
		83F053F92B7608B40068B231 /* UIView+ PinEdges.swift */ = {isa = PBXFileReference; lastKnownFileType = sourcecode.swift; path = "UIView+ PinEdges.swift"; sourceTree = "<group>"; };
		83F0541D2B76514C0068B231 /* HomeViewController.swift */ = {isa = PBXFileReference; lastKnownFileType = sourcecode.swift; path = HomeViewController.swift; sourceTree = "<group>"; };
		83F0542A2B77366A0068B231 /* CategoryMoviewCollectionViewCell.swift */ = {isa = PBXFileReference; lastKnownFileType = sourcecode.swift; path = CategoryMoviewCollectionViewCell.swift; sourceTree = "<group>"; };
/* End PBXFileReference section */

/* Begin PBXFrameworksBuildPhase section */
		8347A97B2B5BAE7B004E45B1 /* Frameworks */ = {
			isa = PBXFrameworksBuildPhase;
			buildActionMask = 2147483647;
			files = (
				8351D8982B84FC1D00035811 /* Kingfisher in Frameworks */,
				8347A99D2B5BB075004E45B1 /* SnapKit in Frameworks */,
				8351D8932B84F53900035811 /* Alamofire in Frameworks */,
				83DF943E2B6D45BD00DDFBDA /* SkeletonView in Frameworks */,
				8347A99F2B5BB075004E45B1 /* SnapKit-Dynamic in Frameworks */,
				8351D8962B84FC0800035811 /* Kingfisher in Frameworks */,
			);
			runOnlyForDeploymentPostprocessing = 0;
		};
/* End PBXFrameworksBuildPhase section */

/* Begin PBXGroup section */
		8339FF092B7A0B7F00BC3680 /* MovieDetails */ = {
			isa = PBXGroup;
			children = (
				8339FF0A2B7A0BC500BC3680 /* DetailMovieViewController.swift */,
			);
			path = MovieDetails;
			sourceTree = "<group>";
		};
		8347A9752B5BAE7B004E45B1 = {
			isa = PBXGroup;
			children = (
				8347A9802B5BAE7B004E45B1 /* movieStepik */,
				8347A97F2B5BAE7B004E45B1 /* Products */,
			);
			sourceTree = "<group>";
		};
		8347A97F2B5BAE7B004E45B1 /* Products */ = {
			isa = PBXGroup;
			children = (
				8347A97E2B5BAE7B004E45B1 /* movieStepik.app */,
			);
			name = Products;
			sourceTree = "<group>";
		};
		8347A9802B5BAE7B004E45B1 /* movieStepik */ = {
			isa = PBXGroup;
			children = (
				8347A9A12B5BB150004E45B1 /* App */,
				83F053F02B75FE1C0068B231 /* Views */,
				8351D88E2B84F20D00035811 /* NetworkService */,
				8347A9AC2B5BB5D3004E45B1 /* Model */,
				83F0541F2B76699E0068B231 /* Home */,
				8347A9B22B5C05C8004E45B1 /* Main */,
				8339FF092B7A0B7F00BC3680 /* MovieDetails */,
				8347A9B12B5C05B0004E45B1 /* Actors */,
				8347A98D2B5BAE7D004E45B1 /* Assets.xcassets */,
				8347A9A02B5BB12F004E45B1 /* Extension */,
				8347A98F2B5BAE7D004E45B1 /* LaunchScreen.storyboard */,
				8347A9922B5BAE7D004E45B1 /* movieStepik.entitlements */,
				8347A9932B5BAE7D004E45B1 /* Info.plist */,
				8347A98A2B5BAE7B004E45B1 /* movieStepik.xcdatamodeld */,
			);
			path = movieStepik;
			sourceTree = "<group>";
		};
		8347A9A02B5BB12F004E45B1 /* Extension */ = {
			isa = PBXGroup;
			children = (
				8347A9A22B5BB1A4004E45B1 /* UITableViewCell+Reusable.swift */,
				8347A9A42B5BB1EF004E45B1 /* UITableView+Register.swift */,
				83F053F52B7600BA0068B231 /* UIView+Extension.swift */,
				83F053F72B7607B90068B231 /* UIView+hide.swift */,
				83F053F92B7608B40068B231 /* UIView+ PinEdges.swift */,
			);
			path = Extension;
			sourceTree = "<group>";
		};
		8347A9A12B5BB150004E45B1 /* App */ = {
			isa = PBXGroup;
			children = (
				8347A9812B5BAE7B004E45B1 /* AppDelegate.swift */,
				8347A9832B5BAE7B004E45B1 /* SceneDelegate.swift */,
			);
			path = App;
			sourceTree = "<group>";
		};
		8347A9AC2B5BB5D3004E45B1 /* Model */ = {
			isa = PBXGroup;
			children = (
				8347A9A82B5BB56E004E45B1 /* MovieResult.swift */,
				8347A9AD2B5C055D004E45B1 /* Actor.swift */,
				8347A9AA2B5BB5B7004E45B1 /* Genre.swift */,
				8351D8992B85BB4E00035811 /* MovieDetailsEntity.swift */,
				8351D8B22B8A36EC00035811 /* ActorsBio.swift */,
			);
			path = Model;
			sourceTree = "<group>";
		};
		8347A9B12B5C05B0004E45B1 /* Actors */ = {
			isa = PBXGroup;
			children = (
				8347A9AF2B5C05A5004E45B1 /* ActorsViewController.swift */,
				8347A9B32B5C0965004E45B1 /* ActorCollectionViewCell.swift */,
			);
			path = Actors;
			sourceTree = "<group>";
		};
		8347A9B22B5C05C8004E45B1 /* Main */ = {
			isa = PBXGroup;
			children = (
				8347A9852B5BAE7B004E45B1 /* ViewController.swift */,
				8347A9A62B5BB4DD004E45B1 /* GenreCollectionViewCell.swift */,
				8347A9992B5BB03B004E45B1 /* MovieTableViewCell.swift */,
			);
			path = Main;
			sourceTree = "<group>";
		};
		8351D88E2B84F20D00035811 /* NetworkService */ = {
			isa = PBXGroup;
			children = (
				8351D88F2B84F22F00035811 /* NetworkManager.swift */,
			);
			path = NetworkService;
			sourceTree = "<group>";
		};
		83F053F02B75FE1C0068B231 /* Views */ = {
			isa = PBXGroup;
			children = (
				83F053F12B75FE360068B231 /* ZeroView.xib */,
				83F053F32B75FE660068B231 /* ZeroView.swift */,
			);
			path = Views;
			sourceTree = "<group>";
		};
		83F0541F2B76699E0068B231 /* Home */ = {
			isa = PBXGroup;
			children = (
				83F0541D2B76514C0068B231 /* HomeViewController.swift */,
				83F0542A2B77366A0068B231 /* CategoryMoviewCollectionViewCell.swift */,
				8339FF002B77D3F800BC3680 /* CollectionTableViewCell.swift */,
				8339FF052B77E5DA00BC3680 /* Model.swift */,
				8339FF072B79310F00BC3680 /* CustomHeader.swift */,
			);
			path = Home;
			sourceTree = "<group>";
		};
/* End PBXGroup section */

/* Begin PBXNativeTarget section */
		8347A97D2B5BAE7B004E45B1 /* movieStepik */ = {
			isa = PBXNativeTarget;
			buildConfigurationList = 8347A9962B5BAE7D004E45B1 /* Build configuration list for PBXNativeTarget "movieStepik" */;
			buildPhases = (
				8347A97A2B5BAE7B004E45B1 /* Sources */,
				8347A97B2B5BAE7B004E45B1 /* Frameworks */,
				8347A97C2B5BAE7B004E45B1 /* Resources */,
			);
			buildRules = (
			);
			dependencies = (
			);
			name = movieStepik;
			packageProductDependencies = (
				8347A99C2B5BB075004E45B1 /* SnapKit */,
				8347A99E2B5BB075004E45B1 /* SnapKit-Dynamic */,
				83DF943D2B6D45BD00DDFBDA /* SkeletonView */,
				8351D8922B84F53900035811 /* Alamofire */,
				8351D8952B84FC0800035811 /* Kingfisher */,
				8351D8972B84FC1D00035811 /* Kingfisher */,
			);
			productName = movieStepik;
			productReference = 8347A97E2B5BAE7B004E45B1 /* movieStepik.app */;
			productType = "com.apple.product-type.application";
		};
/* End PBXNativeTarget section */

/* Begin PBXProject section */
		8347A9762B5BAE7B004E45B1 /* Project object */ = {
			isa = PBXProject;
			attributes = {
				BuildIndependentTargetsInParallel = 1;
				LastSwiftUpdateCheck = 1500;
				LastUpgradeCheck = 1500;
				TargetAttributes = {
					8347A97D2B5BAE7B004E45B1 = {
						CreatedOnToolsVersion = 15.0.1;
					};
				};
			};
			buildConfigurationList = 8347A9792B5BAE7B004E45B1 /* Build configuration list for PBXProject "movieStepik" */;
			compatibilityVersion = "Xcode 14.0";
			developmentRegion = en;
			hasScannedForEncodings = 0;
			knownRegions = (
				en,
				Base,
			);
			mainGroup = 8347A9752B5BAE7B004E45B1;
			packageReferences = (
				8347A99B2B5BB074004E45B1 /* XCRemoteSwiftPackageReference "SnapKit" */,
				83DF943C2B6D45BD00DDFBDA /* XCRemoteSwiftPackageReference "SkeletonView" */,
				8351D8912B84F53900035811 /* XCRemoteSwiftPackageReference "Alamofire" */,
				8351D8942B84FC0800035811 /* XCRemoteSwiftPackageReference "Kingfisher" */,
			);
			productRefGroup = 8347A97F2B5BAE7B004E45B1 /* Products */;
			projectDirPath = "";
			projectRoot = "";
			targets = (
				8347A97D2B5BAE7B004E45B1 /* movieStepik */,
			);
		};
/* End PBXProject section */

/* Begin PBXResourcesBuildPhase section */
		8347A97C2B5BAE7B004E45B1 /* Resources */ = {
			isa = PBXResourcesBuildPhase;
			buildActionMask = 2147483647;
			files = (
				8347A9912B5BAE7D004E45B1 /* LaunchScreen.storyboard in Resources */,
				8347A98E2B5BAE7D004E45B1 /* Assets.xcassets in Resources */,
				83F053F22B75FE360068B231 /* ZeroView.xib in Resources */,
			);
			runOnlyForDeploymentPostprocessing = 0;
		};
/* End PBXResourcesBuildPhase section */

/* Begin PBXSourcesBuildPhase section */
		8347A97A2B5BAE7B004E45B1 /* Sources */ = {
			isa = PBXSourcesBuildPhase;
			buildActionMask = 2147483647;
			files = (
				8347A9B02B5C05A5004E45B1 /* ActorsViewController.swift in Sources */,
				8347A9A72B5BB4DD004E45B1 /* GenreCollectionViewCell.swift in Sources */,
				83F053F42B75FE660068B231 /* ZeroView.swift in Sources */,
				83F053F62B7600BA0068B231 /* UIView+Extension.swift in Sources */,
				8347A99A2B5BB03B004E45B1 /* MovieTableViewCell.swift in Sources */,
				83F0541E2B76514C0068B231 /* HomeViewController.swift in Sources */,
				8351D8B32B8A36EC00035811 /* ActorsBio.swift in Sources */,
				8347A9A92B5BB56E004E45B1 /* MovieResult.swift in Sources */,
				8347A98C2B5BAE7B004E45B1 /* movieStepik.xcdatamodeld in Sources */,
				8347A9AE2B5C055D004E45B1 /* Actor.swift in Sources */,
				8339FF012B77D3F800BC3680 /* CollectionTableViewCell.swift in Sources */,
				8351D8902B84F22F00035811 /* NetworkManager.swift in Sources */,
				8347A9A52B5BB1EF004E45B1 /* UITableView+Register.swift in Sources */,
				8339FF082B79310F00BC3680 /* CustomHeader.swift in Sources */,
				8339FF0B2B7A0BC500BC3680 /* DetailMovieViewController.swift in Sources */,
				83F053FA2B7608B40068B231 /* UIView+ PinEdges.swift in Sources */,
				8347A9A32B5BB1A4004E45B1 /* UITableViewCell+Reusable.swift in Sources */,
				83F053F82B7607B90068B231 /* UIView+hide.swift in Sources */,
				8347A9862B5BAE7B004E45B1 /* ViewController.swift in Sources */,
				8351D89A2B85BB4E00035811 /* MovieDetailsEntity.swift in Sources */,
				8347A9B42B5C0965004E45B1 /* ActorCollectionViewCell.swift in Sources */,
				8347A9822B5BAE7B004E45B1 /* AppDelegate.swift in Sources */,
				83F0542B2B77366A0068B231 /* CategoryMoviewCollectionViewCell.swift in Sources */,
				8339FF062B77E5DA00BC3680 /* Model.swift in Sources */,
				8347A9842B5BAE7B004E45B1 /* SceneDelegate.swift in Sources */,
				8347A9AB2B5BB5B7004E45B1 /* Genre.swift in Sources */,
			);
			runOnlyForDeploymentPostprocessing = 0;
		};
/* End PBXSourcesBuildPhase section */

/* Begin PBXVariantGroup section */
		8347A98F2B5BAE7D004E45B1 /* LaunchScreen.storyboard */ = {
			isa = PBXVariantGroup;
			children = (
				8347A9902B5BAE7D004E45B1 /* Base */,
			);
			name = LaunchScreen.storyboard;
			sourceTree = "<group>";
		};
/* End PBXVariantGroup section */

/* Begin XCBuildConfiguration section */
		8347A9942B5BAE7D004E45B1 /* Debug */ = {
			isa = XCBuildConfiguration;
			buildSettings = {
				ALWAYS_SEARCH_USER_PATHS = NO;
				ASSETCATALOG_COMPILER_GENERATE_SWIFT_ASSET_SYMBOL_EXTENSIONS = YES;
				CLANG_ANALYZER_NONNULL = YES;
				CLANG_ANALYZER_NUMBER_OBJECT_CONVERSION = YES_AGGRESSIVE;
				CLANG_CXX_LANGUAGE_STANDARD = "gnu++20";
				CLANG_ENABLE_MODULES = YES;
				CLANG_ENABLE_OBJC_ARC = YES;
				CLANG_ENABLE_OBJC_WEAK = YES;
				CLANG_WARN_BLOCK_CAPTURE_AUTORELEASING = YES;
				CLANG_WARN_BOOL_CONVERSION = YES;
				CLANG_WARN_COMMA = YES;
				CLANG_WARN_CONSTANT_CONVERSION = YES;
				CLANG_WARN_DEPRECATED_OBJC_IMPLEMENTATIONS = YES;
				CLANG_WARN_DIRECT_OBJC_ISA_USAGE = YES_ERROR;
				CLANG_WARN_DOCUMENTATION_COMMENTS = YES;
				CLANG_WARN_EMPTY_BODY = YES;
				CLANG_WARN_ENUM_CONVERSION = YES;
				CLANG_WARN_INFINITE_RECURSION = YES;
				CLANG_WARN_INT_CONVERSION = YES;
				CLANG_WARN_NON_LITERAL_NULL_CONVERSION = YES;
				CLANG_WARN_OBJC_IMPLICIT_RETAIN_SELF = YES;
				CLANG_WARN_OBJC_LITERAL_CONVERSION = YES;
				CLANG_WARN_OBJC_ROOT_CLASS = YES_ERROR;
				CLANG_WARN_QUOTED_INCLUDE_IN_FRAMEWORK_HEADER = YES;
				CLANG_WARN_RANGE_LOOP_ANALYSIS = YES;
				CLANG_WARN_STRICT_PROTOTYPES = YES;
				CLANG_WARN_SUSPICIOUS_MOVE = YES;
				CLANG_WARN_UNGUARDED_AVAILABILITY = YES_AGGRESSIVE;
				CLANG_WARN_UNREACHABLE_CODE = YES;
				CLANG_WARN__DUPLICATE_METHOD_MATCH = YES;
				COPY_PHASE_STRIP = NO;
				DEBUG_INFORMATION_FORMAT = dwarf;
				ENABLE_STRICT_OBJC_MSGSEND = YES;
				ENABLE_TESTABILITY = YES;
				ENABLE_USER_SCRIPT_SANDBOXING = YES;
				GCC_C_LANGUAGE_STANDARD = gnu17;
				GCC_DYNAMIC_NO_PIC = NO;
				GCC_NO_COMMON_BLOCKS = YES;
				GCC_OPTIMIZATION_LEVEL = 0;
				GCC_PREPROCESSOR_DEFINITIONS = (
					"DEBUG=1",
					"$(inherited)",
				);
				GCC_WARN_64_TO_32_BIT_CONVERSION = YES;
				GCC_WARN_ABOUT_RETURN_TYPE = YES_ERROR;
				GCC_WARN_UNDECLARED_SELECTOR = YES;
				GCC_WARN_UNINITIALIZED_AUTOS = YES_AGGRESSIVE;
				GCC_WARN_UNUSED_FUNCTION = YES;
				GCC_WARN_UNUSED_VARIABLE = YES;
				IPHONEOS_DEPLOYMENT_TARGET = 17.0;
				LOCALIZATION_PREFERS_STRING_CATALOGS = YES;
				MTL_ENABLE_DEBUG_INFO = INCLUDE_SOURCE;
				MTL_FAST_MATH = YES;
				ONLY_ACTIVE_ARCH = YES;
				SDKROOT = iphoneos;
				SWIFT_ACTIVE_COMPILATION_CONDITIONS = "DEBUG $(inherited)";
				SWIFT_OPTIMIZATION_LEVEL = "-Onone";
			};
			name = Debug;
		};
		8347A9952B5BAE7D004E45B1 /* Release */ = {
			isa = XCBuildConfiguration;
			buildSettings = {
				ALWAYS_SEARCH_USER_PATHS = NO;
				ASSETCATALOG_COMPILER_GENERATE_SWIFT_ASSET_SYMBOL_EXTENSIONS = YES;
				CLANG_ANALYZER_NONNULL = YES;
				CLANG_ANALYZER_NUMBER_OBJECT_CONVERSION = YES_AGGRESSIVE;
				CLANG_CXX_LANGUAGE_STANDARD = "gnu++20";
				CLANG_ENABLE_MODULES = YES;
				CLANG_ENABLE_OBJC_ARC = YES;
				CLANG_ENABLE_OBJC_WEAK = YES;
				CLANG_WARN_BLOCK_CAPTURE_AUTORELEASING = YES;
				CLANG_WARN_BOOL_CONVERSION = YES;
				CLANG_WARN_COMMA = YES;
				CLANG_WARN_CONSTANT_CONVERSION = YES;
				CLANG_WARN_DEPRECATED_OBJC_IMPLEMENTATIONS = YES;
				CLANG_WARN_DIRECT_OBJC_ISA_USAGE = YES_ERROR;
				CLANG_WARN_DOCUMENTATION_COMMENTS = YES;
				CLANG_WARN_EMPTY_BODY = YES;
				CLANG_WARN_ENUM_CONVERSION = YES;
				CLANG_WARN_INFINITE_RECURSION = YES;
				CLANG_WARN_INT_CONVERSION = YES;
				CLANG_WARN_NON_LITERAL_NULL_CONVERSION = YES;
				CLANG_WARN_OBJC_IMPLICIT_RETAIN_SELF = YES;
				CLANG_WARN_OBJC_LITERAL_CONVERSION = YES;
				CLANG_WARN_OBJC_ROOT_CLASS = YES_ERROR;
				CLANG_WARN_QUOTED_INCLUDE_IN_FRAMEWORK_HEADER = YES;
				CLANG_WARN_RANGE_LOOP_ANALYSIS = YES;
				CLANG_WARN_STRICT_PROTOTYPES = YES;
				CLANG_WARN_SUSPICIOUS_MOVE = YES;
				CLANG_WARN_UNGUARDED_AVAILABILITY = YES_AGGRESSIVE;
				CLANG_WARN_UNREACHABLE_CODE = YES;
				CLANG_WARN__DUPLICATE_METHOD_MATCH = YES;
				COPY_PHASE_STRIP = NO;
				DEBUG_INFORMATION_FORMAT = "dwarf-with-dsym";
				ENABLE_NS_ASSERTIONS = NO;
				ENABLE_STRICT_OBJC_MSGSEND = YES;
				ENABLE_USER_SCRIPT_SANDBOXING = YES;
				GCC_C_LANGUAGE_STANDARD = gnu17;
				GCC_NO_COMMON_BLOCKS = YES;
				GCC_WARN_64_TO_32_BIT_CONVERSION = YES;
				GCC_WARN_ABOUT_RETURN_TYPE = YES_ERROR;
				GCC_WARN_UNDECLARED_SELECTOR = YES;
				GCC_WARN_UNINITIALIZED_AUTOS = YES_AGGRESSIVE;
				GCC_WARN_UNUSED_FUNCTION = YES;
				GCC_WARN_UNUSED_VARIABLE = YES;
				IPHONEOS_DEPLOYMENT_TARGET = 17.0;
				LOCALIZATION_PREFERS_STRING_CATALOGS = YES;
				MTL_ENABLE_DEBUG_INFO = NO;
				MTL_FAST_MATH = YES;
				SDKROOT = iphoneos;
				SWIFT_COMPILATION_MODE = wholemodule;
				VALIDATE_PRODUCT = YES;
			};
			name = Release;
		};
		8347A9972B5BAE7D004E45B1 /* Debug */ = {
			isa = XCBuildConfiguration;
			buildSettings = {
				ASSETCATALOG_COMPILER_APPICON_NAME = AppIcon;
				ASSETCATALOG_COMPILER_GLOBAL_ACCENT_COLOR_NAME = AccentColor;
				CODE_SIGN_ENTITLEMENTS = movieStepik/movieStepik.entitlements;
				CODE_SIGN_STYLE = Automatic;
				CURRENT_PROJECT_VERSION = 1;
				DEVELOPMENT_TEAM = HRR33VADKN;
				GENERATE_INFOPLIST_FILE = YES;
				INFOPLIST_FILE = movieStepik/Info.plist;
				INFOPLIST_KEY_UIApplicationSupportsIndirectInputEvents = YES;
				INFOPLIST_KEY_UILaunchStoryboardName = LaunchScreen;
				INFOPLIST_KEY_UISupportedInterfaceOrientations_iPad = "UIInterfaceOrientationPortrait UIInterfaceOrientationPortraitUpsideDown UIInterfaceOrientationLandscapeLeft UIInterfaceOrientationLandscapeRight";
				INFOPLIST_KEY_UISupportedInterfaceOrientations_iPhone = "UIInterfaceOrientationPortrait UIInterfaceOrientationLandscapeLeft UIInterfaceOrientationLandscapeRight";
				LD_RUNPATH_SEARCH_PATHS = (
					"$(inherited)",
					"@executable_path/Frameworks",
				);
				MARKETING_VERSION = 1.0;
				PRODUCT_BUNDLE_IDENTIFIER = com.mariyaAliyeva.movieStepik;
				PRODUCT_NAME = "$(TARGET_NAME)";
				SWIFT_EMIT_LOC_STRINGS = YES;
				SWIFT_VERSION = 5.0;
				TARGETED_DEVICE_FAMILY = "1,2";
			};
			name = Debug;
		};
		8347A9982B5BAE7D004E45B1 /* Release */ = {
			isa = XCBuildConfiguration;
			buildSettings = {
				ASSETCATALOG_COMPILER_APPICON_NAME = AppIcon;
				ASSETCATALOG_COMPILER_GLOBAL_ACCENT_COLOR_NAME = AccentColor;
				CODE_SIGN_ENTITLEMENTS = movieStepik/movieStepik.entitlements;
				CODE_SIGN_STYLE = Automatic;
				CURRENT_PROJECT_VERSION = 1;
				DEVELOPMENT_TEAM = HRR33VADKN;
				GENERATE_INFOPLIST_FILE = YES;
				INFOPLIST_FILE = movieStepik/Info.plist;
				INFOPLIST_KEY_UIApplicationSupportsIndirectInputEvents = YES;
				INFOPLIST_KEY_UILaunchStoryboardName = LaunchScreen;
				INFOPLIST_KEY_UISupportedInterfaceOrientations_iPad = "UIInterfaceOrientationPortrait UIInterfaceOrientationPortraitUpsideDown UIInterfaceOrientationLandscapeLeft UIInterfaceOrientationLandscapeRight";
				INFOPLIST_KEY_UISupportedInterfaceOrientations_iPhone = "UIInterfaceOrientationPortrait UIInterfaceOrientationLandscapeLeft UIInterfaceOrientationLandscapeRight";
				LD_RUNPATH_SEARCH_PATHS = (
					"$(inherited)",
					"@executable_path/Frameworks",
				);
				MARKETING_VERSION = 1.0;
				PRODUCT_BUNDLE_IDENTIFIER = com.mariyaAliyeva.movieStepik;
				PRODUCT_NAME = "$(TARGET_NAME)";
				SWIFT_EMIT_LOC_STRINGS = YES;
				SWIFT_VERSION = 5.0;
				TARGETED_DEVICE_FAMILY = "1,2";
			};
			name = Release;
		};
/* End XCBuildConfiguration section */

/* Begin XCConfigurationList section */
		8347A9792B5BAE7B004E45B1 /* Build configuration list for PBXProject "movieStepik" */ = {
			isa = XCConfigurationList;
			buildConfigurations = (
				8347A9942B5BAE7D004E45B1 /* Debug */,
				8347A9952B5BAE7D004E45B1 /* Release */,
			);
			defaultConfigurationIsVisible = 0;
			defaultConfigurationName = Release;
		};
		8347A9962B5BAE7D004E45B1 /* Build configuration list for PBXNativeTarget "movieStepik" */ = {
			isa = XCConfigurationList;
			buildConfigurations = (
				8347A9972B5BAE7D004E45B1 /* Debug */,
				8347A9982B5BAE7D004E45B1 /* Release */,
			);
			defaultConfigurationIsVisible = 0;
			defaultConfigurationName = Release;
		};
/* End XCConfigurationList section */

/* Begin XCRemoteSwiftPackageReference section */
		8347A99B2B5BB074004E45B1 /* XCRemoteSwiftPackageReference "SnapKit" */ = {
			isa = XCRemoteSwiftPackageReference;
			repositoryURL = "https://github.com/SnapKit/SnapKit.git";
			requirement = {
				kind = upToNextMajorVersion;
				minimumVersion = 5.7.0;
			};
		};
		8351D8912B84F53900035811 /* XCRemoteSwiftPackageReference "Alamofire" */ = {
			isa = XCRemoteSwiftPackageReference;
			repositoryURL = "https://github.com/Alamofire/Alamofire.git";
			requirement = {
				kind = upToNextMajorVersion;
				minimumVersion = 5.8.1;
			};
		};
		8351D8942B84FC0800035811 /* XCRemoteSwiftPackageReference "Kingfisher" */ = {
			isa = XCRemoteSwiftPackageReference;
			repositoryURL = "https://github.com/onevcat/Kingfisher.git";
			requirement = {
				kind = upToNextMajorVersion;
				minimumVersion = 7.11.0;
			};
		};
		83DF943C2B6D45BD00DDFBDA /* XCRemoteSwiftPackageReference "SkeletonView" */ = {
			isa = XCRemoteSwiftPackageReference;
			repositoryURL = "https://github.com/Juanpe/SkeletonView.git";
			requirement = {
				kind = upToNextMajorVersion;
				minimumVersion = 1.30.4;
			};
		};
/* End XCRemoteSwiftPackageReference section */

/* Begin XCSwiftPackageProductDependency section */
		8347A99C2B5BB075004E45B1 /* SnapKit */ = {
			isa = XCSwiftPackageProductDependency;
			package = 8347A99B2B5BB074004E45B1 /* XCRemoteSwiftPackageReference "SnapKit" */;
			productName = SnapKit;
		};
		8347A99E2B5BB075004E45B1 /* SnapKit-Dynamic */ = {
			isa = XCSwiftPackageProductDependency;
			package = 8347A99B2B5BB074004E45B1 /* XCRemoteSwiftPackageReference "SnapKit" */;
			productName = "SnapKit-Dynamic";
		};
		8351D8922B84F53900035811 /* Alamofire */ = {
			isa = XCSwiftPackageProductDependency;
			package = 8351D8912B84F53900035811 /* XCRemoteSwiftPackageReference "Alamofire" */;
			productName = Alamofire;
		};
		8351D8952B84FC0800035811 /* Kingfisher */ = {
			isa = XCSwiftPackageProductDependency;
			package = 8351D8942B84FC0800035811 /* XCRemoteSwiftPackageReference "Kingfisher" */;
			productName = Kingfisher;
		};
		8351D8972B84FC1D00035811 /* Kingfisher */ = {
			isa = XCSwiftPackageProductDependency;
			package = 8351D8942B84FC0800035811 /* XCRemoteSwiftPackageReference "Kingfisher" */;
			productName = Kingfisher;
		};
		83DF943D2B6D45BD00DDFBDA /* SkeletonView */ = {
			isa = XCSwiftPackageProductDependency;
			package = 83DF943C2B6D45BD00DDFBDA /* XCRemoteSwiftPackageReference "SkeletonView" */;
			productName = SkeletonView;
		};
/* End XCSwiftPackageProductDependency section */

/* Begin XCVersionGroup section */
		8347A98A2B5BAE7B004E45B1 /* movieStepik.xcdatamodeld */ = {
			isa = XCVersionGroup;
			children = (
				8347A98B2B5BAE7B004E45B1 /* movieStepik.xcdatamodel */,
			);
			currentVersion = 8347A98B2B5BAE7B004E45B1 /* movieStepik.xcdatamodel */;
			path = movieStepik.xcdatamodeld;
			sourceTree = "<group>";
			versionGroupType = wrapper.xcdatamodel;
		};
/* End XCVersionGroup section */
	};
	rootObject = 8347A9762B5BAE7B004E45B1 /* Project object */;
}
